
Microsoft Visual Studio Solution File, Format Version 12.00
# Visual Studio Version 17
VisualStudioVersion = 17.1.32328.378
MinimumVisualStudioVersion = 10.0.40219.1
Project("{FAE04EC0-301F-11D3-BF4B-00C04F79EFBC}") = "FootBallLeague2", "FootBallLeague2.csproj", "{00E6A6F6-5602-4CE2-9908-AF160FAEBE65}"
EndProject
Global
	GlobalSection(SolutionConfigurationPlatforms) = preSolution
		Debug|Any CPU = Debug|Any CPU
		Release|Any CPU = Release|Any CPU
	EndGlobalSection
	GlobalSection(ProjectConfigurationPlatforms) = postSolution
		{00E6A6F6-5602-4CE2-9908-AF160FAEBE65}.Debug|Any CPU.ActiveCfg = Debug|Any CPU
		{00E6A6F6-5602-4CE2-9908-AF160FAEBE65}.Debug|Any CPU.Build.0 = Debug|Any CPU
		{00E6A6F6-5602-4CE2-9908-AF160FAEBE65}.Release|Any CPU.ActiveCfg = Release|Any CPU
		{00E6A6F6-5602-4CE2-9908-AF160FAEBE65}.Release|Any CPU.Build.0 = Release|Any CPU
	EndGlobalSection
	GlobalSection(SolutionProperties) = preSolution
		HideSolutionNode = FALSE
	EndGlobalSection
	GlobalSection(ExtensibilityGlobals) = postSolution
		SolutionGuid = {F9F152C6-4F68-4DBB-A6C2-AACA9AA7B136}
	EndGlobalSection
EndGlobal
